
Microsoft Visual Studio Solution File, Format Version 12.00
# Visual Studio 2013
VisualStudioVersion = 12.0.21005.1
MinimumVisualStudioVersion = 10.0.40219.1
Project("{FAE04EC0-301F-11D3-BF4B-00C04F79EFBC}") = "Presentation", "Presentation\Presentation.csproj", "{145FCBCE-EE80-466F-8C7D-3E427574861D}"
EndProject
Project("{FAE04EC0-301F-11D3-BF4B-00C04F79EFBC}") = "ProEntity", "ProEntity\ProEntity.csproj", "{DD6A1212-4341-4CF5-92D0-1ADABD8FB2E6}"
EndProject
Project("{FAE04EC0-301F-11D3-BF4B-00C04F79EFBC}") = "ProData", "ProData\ProData.csproj", "{FE055C38-299F-4A3D-ACB0-7A081925FC24}"
EndProject
Project("{FAE04EC0-301F-11D3-BF4B-00C04F79EFBC}") = "ProService", "ProService\ProService.csproj", "{8649B578-6FEA-473C-BA91-1332DAFC48EE}"
EndProject
Global
	GlobalSection(SolutionConfigurationPlatforms) = preSolution
		Debug|Any CPU = Debug|Any CPU
		Release|Any CPU = Release|Any CPU
	EndGlobalSection
	GlobalSection(ProjectConfigurationPlatforms) = postSolution
		{145FCBCE-EE80-466F-8C7D-3E427574861D}.Debug|Any CPU.ActiveCfg = Debug|Any CPU
		{145FCBCE-EE80-466F-8C7D-3E427574861D}.Debug|Any CPU.Build.0 = Debug|Any CPU
		{145FCBCE-EE80-466F-8C7D-3E427574861D}.Release|Any CPU.ActiveCfg = Release|Any CPU
		{145FCBCE-EE80-466F-8C7D-3E427574861D}.Release|Any CPU.Build.0 = Release|Any CPU
		{DD6A1212-4341-4CF5-92D0-1ADABD8FB2E6}.Debug|Any CPU.ActiveCfg = Debug|Any CPU
		{DD6A1212-4341-4CF5-92D0-1ADABD8FB2E6}.Debug|Any CPU.Build.0 = Debug|Any CPU
		{DD6A1212-4341-4CF5-92D0-1ADABD8FB2E6}.Release|Any CPU.ActiveCfg = Release|Any CPU
		{DD6A1212-4341-4CF5-92D0-1ADABD8FB2E6}.Release|Any CPU.Build.0 = Release|Any CPU
		{FE055C38-299F-4A3D-ACB0-7A081925FC24}.Debug|Any CPU.ActiveCfg = Debug|Any CPU
		{FE055C38-299F-4A3D-ACB0-7A081925FC24}.Debug|Any CPU.Build.0 = Debug|Any CPU
		{FE055C38-299F-4A3D-ACB0-7A081925FC24}.Release|Any CPU.ActiveCfg = Release|Any CPU
		{FE055C38-299F-4A3D-ACB0-7A081925FC24}.Release|Any CPU.Build.0 = Release|Any CPU
		{8649B578-6FEA-473C-BA91-1332DAFC48EE}.Debug|Any CPU.ActiveCfg = Debug|Any CPU
		{8649B578-6FEA-473C-BA91-1332DAFC48EE}.Debug|Any CPU.Build.0 = Debug|Any CPU
		{8649B578-6FEA-473C-BA91-1332DAFC48EE}.Release|Any CPU.ActiveCfg = Release|Any CPU
		{8649B578-6FEA-473C-BA91-1332DAFC48EE}.Release|Any CPU.Build.0 = Release|Any CPU
	EndGlobalSection
	GlobalSection(SolutionProperties) = preSolution
		HideSolutionNode = FALSE
	EndGlobalSection
EndGlobal
